# This file is autogenerated, do not edit; changes may be undone by the next 'dep ensure'.


[[projects]]
  branch = "rename-collection"
  name = "github.com/arangodb/go-driver"
  packages = [
    ".",
    "cluster",
    "http",
    "util"
  ]
  revision = "bd4929ecc5e55c69c69ccf4b7af599b888cec6a4"

[[projects]]
  branch = "master"
  name = "github.com/arangodb/go-velocypack"
  packages = ["."]
  revision = "c899a2a2271f97f297fd70afd031e5ffb9497f83"

[[projects]]
  name = "github.com/sirupsen/logrus"
  packages = ["."]
  revision = "418b41d23a1bf978c06faea5313ba194650ac088"
  version = "v0.8.7"

[[projects]]
  name = "gopkg.in/urfave/cli.v1"
  packages = ["."]
  revision = "cfb38830724cc34fedffe9a2a29fb54fa9169cd1"
  version = "v1.20.0"

[[projects]]
  name = "gopkg.in/yaml.v2"
  packages = ["."]
  revision = "5420a8b6744d3b0345ab293f6fcba19c978f1183"
  version = "v2.2.1"

[solve-meta]
  analyzer-name = "dep"
  analyzer-version = 1
  inputs-digest = "82e98af322b6b5cccac2738dbdaafcf9d075b6b3360a512b408d7ef5f2c07c4a"
  solver-name = "gps-cdcl"
  solver-version = 1
